
Microsoft Visual Studio Solution File, Format Version 12.00
# Visual Studio Version 17
VisualStudioVersion = 17.2.32630.192
MinimumVisualStudioVersion = 10.0.40219.1
Project("{FAE04EC0-301F-11D3-BF4B-00C04F79EFBC}") = "SpaceInvaders", "SpaceInvaders\SpaceInvaders.csproj", "{43A3B5F6-11CE-49AD-B60D-205BFC23CCDE}"
EndProject
Project("{FAE04EC0-301F-11D3-BF4B-00C04F79EFBC}") = "Class", "Class\Class.csproj", "{54543EC1-4F60-44D0-9FD7-15CE3138172E}"
EndProject
Project("{FAE04EC0-301F-11D3-BF4B-00C04F79EFBC}") = "Test", "Test\Test.csproj", "{D733B145-71BD-4901-81AB-33E99BB0DD66}"
EndProject
Global
	GlobalSection(SolutionConfigurationPlatforms) = preSolution
		Debug|Any CPU = Debug|Any CPU
		Release|Any CPU = Release|Any CPU
	EndGlobalSection
	GlobalSection(ProjectConfigurationPlatforms) = postSolution
		{43A3B5F6-11CE-49AD-B60D-205BFC23CCDE}.Debug|Any CPU.ActiveCfg = Debug|Any CPU
		{43A3B5F6-11CE-49AD-B60D-205BFC23CCDE}.Debug|Any CPU.Build.0 = Debug|Any CPU
		{43A3B5F6-11CE-49AD-B60D-205BFC23CCDE}.Release|Any CPU.ActiveCfg = Release|Any CPU
		{43A3B5F6-11CE-49AD-B60D-205BFC23CCDE}.Release|Any CPU.Build.0 = Release|Any CPU
		{54543EC1-4F60-44D0-9FD7-15CE3138172E}.Debug|Any CPU.ActiveCfg = Debug|Any CPU
		{54543EC1-4F60-44D0-9FD7-15CE3138172E}.Debug|Any CPU.Build.0 = Debug|Any CPU
		{54543EC1-4F60-44D0-9FD7-15CE3138172E}.Release|Any CPU.ActiveCfg = Release|Any CPU
		{54543EC1-4F60-44D0-9FD7-15CE3138172E}.Release|Any CPU.Build.0 = Release|Any CPU
		{D733B145-71BD-4901-81AB-33E99BB0DD66}.Debug|Any CPU.ActiveCfg = Debug|Any CPU
		{D733B145-71BD-4901-81AB-33E99BB0DD66}.Debug|Any CPU.Build.0 = Debug|Any CPU
		{D733B145-71BD-4901-81AB-33E99BB0DD66}.Release|Any CPU.ActiveCfg = Release|Any CPU
		{D733B145-71BD-4901-81AB-33E99BB0DD66}.Release|Any CPU.Build.0 = Release|Any CPU
	EndGlobalSection
	GlobalSection(SolutionProperties) = preSolution
		HideSolutionNode = FALSE
	EndGlobalSection
	GlobalSection(ExtensibilityGlobals) = postSolution
		SolutionGuid = {5CC92E88-46E9-4CD2-A458-D23B78CA4C10}
	EndGlobalSection
EndGlobal
